
Microsoft Visual Studio Solution File, Format Version 12.00
# Visual Studio Version 16
VisualStudioVersion = 16.0.29418.71
MinimumVisualStudioVersion = 10.0.40219.1
Project("{FAE04EC0-301F-11D3-BF4B-00C04F79EFBC}") = "FinalSiteConstituentsExporter", "FinalSiteConstituentsExporter\FinalSiteConstituentsExporter.csproj", "{91DDF636-ABEA-43D6-84C3-AC98427777E0}"
EndProject
Project("{54435603-DBB4-11D2-8724-00A0C9A8B90C}") = "Setup", "SetupVS\SetupVS.vdproj", "{6BBD2FF7-950A-476C-8862-3FD2B8B7FB41}"
EndProject
Global
	GlobalSection(SolutionConfigurationPlatforms) = preSolution
		CD_ROM|Any CPU = CD_ROM|Any CPU
		Debug|Any CPU = Debug|Any CPU
		DVD-5|Any CPU = DVD-5|Any CPU
		Release|Any CPU = Release|Any CPU
		SingleImage|Any CPU = SingleImage|Any CPU
	EndGlobalSection
	GlobalSection(ProjectConfigurationPlatforms) = postSolution
		{91DDF636-ABEA-43D6-84C3-AC98427777E0}.CD_ROM|Any CPU.ActiveCfg = Release|Any CPU
		{91DDF636-ABEA-43D6-84C3-AC98427777E0}.CD_ROM|Any CPU.Build.0 = Release|Any CPU
		{91DDF636-ABEA-43D6-84C3-AC98427777E0}.Debug|Any CPU.ActiveCfg = Debug|Any CPU
		{91DDF636-ABEA-43D6-84C3-AC98427777E0}.Debug|Any CPU.Build.0 = Debug|Any CPU
		{91DDF636-ABEA-43D6-84C3-AC98427777E0}.DVD-5|Any CPU.ActiveCfg = Debug|Any CPU
		{91DDF636-ABEA-43D6-84C3-AC98427777E0}.DVD-5|Any CPU.Build.0 = Debug|Any CPU
		{91DDF636-ABEA-43D6-84C3-AC98427777E0}.Release|Any CPU.ActiveCfg = Release|Any CPU
		{91DDF636-ABEA-43D6-84C3-AC98427777E0}.Release|Any CPU.Build.0 = Release|Any CPU
		{91DDF636-ABEA-43D6-84C3-AC98427777E0}.SingleImage|Any CPU.ActiveCfg = Release|Any CPU
		{91DDF636-ABEA-43D6-84C3-AC98427777E0}.SingleImage|Any CPU.Build.0 = Release|Any CPU
		{6BBD2FF7-950A-476C-8862-3FD2B8B7FB41}.CD_ROM|Any CPU.ActiveCfg = Release
		{6BBD2FF7-950A-476C-8862-3FD2B8B7FB41}.Debug|Any CPU.ActiveCfg = Debug
		{6BBD2FF7-950A-476C-8862-3FD2B8B7FB41}.DVD-5|Any CPU.ActiveCfg = Debug
		{6BBD2FF7-950A-476C-8862-3FD2B8B7FB41}.Release|Any CPU.ActiveCfg = Release
		{6BBD2FF7-950A-476C-8862-3FD2B8B7FB41}.SingleImage|Any CPU.ActiveCfg = Release
	EndGlobalSection
	GlobalSection(SolutionProperties) = preSolution
		HideSolutionNode = FALSE
	EndGlobalSection
	GlobalSection(ExtensibilityGlobals) = postSolution
		SolutionGuid = {F08F324F-D7F8-4C76-A8C9-D7FC72A531C4}
	EndGlobalSection
EndGlobal
